
Microsoft Visual Studio Solution File, Format Version 12.00
# Visual Studio Version 16
VisualStudioVersion = 16.0.30523.141
MinimumVisualStudioVersion = 10.0.40219.1
Project("{FAE04EC0-301F-11D3-BF4B-00C04F79EFBC}") = "School_Mgt_Joban", "School_Mgt_Joban\School_Mgt_Joban.csproj", "{ABE71216-BA80-45F8-84E6-2D84DC139965}"
EndProject
Global
	GlobalSection(SolutionConfigurationPlatforms) = preSolution
		Debug|Any CPU = Debug|Any CPU
		Release|Any CPU = Release|Any CPU
	EndGlobalSection
	GlobalSection(ProjectConfigurationPlatforms) = postSolution
		{ABE71216-BA80-45F8-84E6-2D84DC139965}.Debug|Any CPU.ActiveCfg = Debug|Any CPU
		{ABE71216-BA80-45F8-84E6-2D84DC139965}.Debug|Any CPU.Build.0 = Debug|Any CPU
		{ABE71216-BA80-45F8-84E6-2D84DC139965}.Release|Any CPU.ActiveCfg = Release|Any CPU
		{ABE71216-BA80-45F8-84E6-2D84DC139965}.Release|Any CPU.Build.0 = Release|Any CPU
	EndGlobalSection
	GlobalSection(SolutionProperties) = preSolution
		HideSolutionNode = FALSE
	EndGlobalSection
	GlobalSection(ExtensibilityGlobals) = postSolution
		SolutionGuid = {FCE2B2C5-CC2C-4707-B942-FDB73A260740}
	EndGlobalSection
EndGlobal
